{
  "requires": true,
  "lockfileVersion": 1,
  "dependencies": {
    "h-include": {
      "version": "4.2.0",
      "resolved": "https://registry.npmjs.org/h-include/-/h-include-4.2.0.tgz",
      "integrity": "sha512-gp+YM/dYYeA9qO8KNB7H72sCZ8FyiRr+8IZeRNw4FD5jI99ZCsLHkjT7nrBYX8wXJ1G6tc5BavKEomYjiOAk+Q=="
    }
  }
}
